
Microsoft Visual Studio Solution File, Format Version 12.00
# Visual Studio 2013
VisualStudioVersion = 12.0.30501.0
MinimumVisualStudioVersion = 10.0.40219.1
Project("{FAE04EC0-301F-11D3-BF4B-00C04F79EFBC}") = "EndOfLineGame", "EndOfLineGame\EndOfLineGame.csproj", "{9318A623-8F1B-4EE2-99BE-73BD8660085E}"
EndProject
Project("{54435603-DBB4-11D2-8724-00A0C9A8B90C}") = "EndOfLineGameInstaller", "EndOfLineGameInstaller\EndOfLineGameInstaller.vdproj", "{F25AE842-C570-45A2-980D-28440734F5A2}"
EndProject
Global
	GlobalSection(SolutionConfigurationPlatforms) = preSolution
		Debug|Any CPU = Debug|Any CPU
		Release|Any CPU = Release|Any CPU
	EndGlobalSection
	GlobalSection(ProjectConfigurationPlatforms) = postSolution
		{9318A623-8F1B-4EE2-99BE-73BD8660085E}.Debug|Any CPU.ActiveCfg = Debug|Any CPU
		{9318A623-8F1B-4EE2-99BE-73BD8660085E}.Debug|Any CPU.Build.0 = Debug|Any CPU
		{9318A623-8F1B-4EE2-99BE-73BD8660085E}.Release|Any CPU.ActiveCfg = Release|Any CPU
		{9318A623-8F1B-4EE2-99BE-73BD8660085E}.Release|Any CPU.Build.0 = Release|Any CPU
		{F25AE842-C570-45A2-980D-28440734F5A2}.Debug|Any CPU.ActiveCfg = Debug
		{F25AE842-C570-45A2-980D-28440734F5A2}.Release|Any CPU.ActiveCfg = Release
	EndGlobalSection
	GlobalSection(SolutionProperties) = preSolution
		HideSolutionNode = FALSE
	EndGlobalSection
EndGlobal
